
Microsoft Visual Studio Solution File, Format Version 12.00
# Visual Studio 15
VisualStudioVersion = 15.0.28307.136
MinimumVisualStudioVersion = 10.0.40219.1
Project("{FAE04EC0-301F-11D3-BF4B-00C04F79EFBC}") = "BlazorHooks.Server", "BlazorHooks.Server\BlazorHooks.Server.csproj", "{94CCE4C2-E974-4701-B133-A71CD9FBA4EE}"
EndProject
Project("{FAE04EC0-301F-11D3-BF4B-00C04F79EFBC}") = "BlazorHooks.Client", "BlazorHooks.Client\BlazorHooks.Client.csproj", "{EA86855F-D468-4B10-9AC8-4C7158CF74DC}"
EndProject
Project("{FAE04EC0-301F-11D3-BF4B-00C04F79EFBC}") = "BlazorHooks.Shared", "BlazorHooks.Shared\BlazorHooks.Shared.csproj", "{A6134E28-4726-4FAF-8DB8-437C9899C2D8}"
EndProject
Global
	GlobalSection(SolutionConfigurationPlatforms) = preSolution
		Debug|Any CPU = Debug|Any CPU
		Release|Any CPU = Release|Any CPU
	EndGlobalSection
	GlobalSection(ProjectConfigurationPlatforms) = postSolution
		{94CCE4C2-E974-4701-B133-A71CD9FBA4EE}.Debug|Any CPU.ActiveCfg = Debug|Any CPU
		{94CCE4C2-E974-4701-B133-A71CD9FBA4EE}.Debug|Any CPU.Build.0 = Debug|Any CPU
		{94CCE4C2-E974-4701-B133-A71CD9FBA4EE}.Release|Any CPU.ActiveCfg = Release|Any CPU
		{94CCE4C2-E974-4701-B133-A71CD9FBA4EE}.Release|Any CPU.Build.0 = Release|Any CPU
		{EA86855F-D468-4B10-9AC8-4C7158CF74DC}.Debug|Any CPU.ActiveCfg = Debug|Any CPU
		{EA86855F-D468-4B10-9AC8-4C7158CF74DC}.Debug|Any CPU.Build.0 = Debug|Any CPU
		{EA86855F-D468-4B10-9AC8-4C7158CF74DC}.Release|Any CPU.ActiveCfg = Release|Any CPU
		{EA86855F-D468-4B10-9AC8-4C7158CF74DC}.Release|Any CPU.Build.0 = Release|Any CPU
		{A6134E28-4726-4FAF-8DB8-437C9899C2D8}.Debug|Any CPU.ActiveCfg = Debug|Any CPU
		{A6134E28-4726-4FAF-8DB8-437C9899C2D8}.Debug|Any CPU.Build.0 = Debug|Any CPU
		{A6134E28-4726-4FAF-8DB8-437C9899C2D8}.Release|Any CPU.ActiveCfg = Release|Any CPU
		{A6134E28-4726-4FAF-8DB8-437C9899C2D8}.Release|Any CPU.Build.0 = Release|Any CPU
	EndGlobalSection
	GlobalSection(SolutionProperties) = preSolution
		HideSolutionNode = FALSE
	EndGlobalSection
	GlobalSection(ExtensibilityGlobals) = postSolution
		SolutionGuid = {4CE0BB36-C763-4221-8B82-BB4EB08A66A5}
	EndGlobalSection
EndGlobal
